
Microsoft Visual Studio Solution File, Format Version 12.00
# Visual Studio Version 17
VisualStudioVersion = 17.5.33516.290
MinimumVisualStudioVersion = 10.0.40219.1
Project("{9A19103F-16F7-4668-BE54-9A1E7A4F7556}") = "EmployeeFormUI", "WinFormsApp1\EmployeeFormUI.csproj", "{52E58746-B245-4E93-ABB2-97BDC6A9AA89}"
EndProject
Project("{FAE04EC0-301F-11D3-BF4B-00C04F79EFBC}") = "EmployeeApp_BusinessLayer", "EmployeeApp_BusinessLayer\EmployeeApp_BusinessLayer.csproj", "{A58AE8EF-1BA5-410C-857C-5D55800A89D6}"
EndProject
Global
	GlobalSection(SolutionConfigurationPlatforms) = preSolution
		Debug|Any CPU = Debug|Any CPU
		Release|Any CPU = Release|Any CPU
	EndGlobalSection
	GlobalSection(ProjectConfigurationPlatforms) = postSolution
		{52E58746-B245-4E93-ABB2-97BDC6A9AA89}.Debug|Any CPU.ActiveCfg = Debug|Any CPU
		{52E58746-B245-4E93-ABB2-97BDC6A9AA89}.Debug|Any CPU.Build.0 = Debug|Any CPU
		{52E58746-B245-4E93-ABB2-97BDC6A9AA89}.Release|Any CPU.ActiveCfg = Release|Any CPU
		{52E58746-B245-4E93-ABB2-97BDC6A9AA89}.Release|Any CPU.Build.0 = Release|Any CPU
		{A58AE8EF-1BA5-410C-857C-5D55800A89D6}.Debug|Any CPU.ActiveCfg = Debug|Any CPU
		{A58AE8EF-1BA5-410C-857C-5D55800A89D6}.Debug|Any CPU.Build.0 = Debug|Any CPU
		{A58AE8EF-1BA5-410C-857C-5D55800A89D6}.Release|Any CPU.ActiveCfg = Release|Any CPU
		{A58AE8EF-1BA5-410C-857C-5D55800A89D6}.Release|Any CPU.Build.0 = Release|Any CPU
	EndGlobalSection
	GlobalSection(SolutionProperties) = preSolution
		HideSolutionNode = FALSE
	EndGlobalSection
	GlobalSection(ExtensibilityGlobals) = postSolution
		SolutionGuid = {4A01E8BF-D1D0-4A12-97F9-F0C2FC898559}
	EndGlobalSection
EndGlobal
